// !$*UTF8*$!
{
	archiveVersion = 1;
	classes = {
	};
	objectVersion = 56;
	objects = {

/* Begin PBXBuildFile section */
		7EE6206D2B868344006C3D72 /* Mell_WeatherApp.swift in Sources */ = {isa = PBXBuildFile; fileRef = 7EE6206C2B868344006C3D72 /* Mell_WeatherApp.swift */; };
		7EE6206F2B868344006C3D72 /* ContentView.swift in Sources */ = {isa = PBXBuildFile; fileRef = 7EE6206E2B868344006C3D72 /* ContentView.swift */; };
		7EE620712B868344006C3D72 /* Item.swift in Sources */ = {isa = PBXBuildFile; fileRef = 7EE620702B868344006C3D72 /* Item.swift */; };
		7EE620732B868345006C3D72 /* Assets.xcassets in Resources */ = {isa = PBXBuildFile; fileRef = 7EE620722B868345006C3D72 /* Assets.xcassets */; };
		7EE620762B868345006C3D72 /* Preview Assets.xcassets in Resources */ = {isa = PBXBuildFile; fileRef = 7EE620752B868345006C3D72 /* Preview Assets.xcassets */; };
		7EE620802B868345006C3D72 /* Mell_WeatherTests.swift in Sources */ = {isa = PBXBuildFile; fileRef = 7EE6207F2B868345006C3D72 /* Mell_WeatherTests.swift */; };
		7EE6208A2B868345006C3D72 /* Mell_WeatherUITests.swift in Sources */ = {isa = PBXBuildFile; fileRef = 7EE620892B868345006C3D72 /* Mell_WeatherUITests.swift */; };
		7EE6208C2B868345006C3D72 /* Mell_WeatherUITestsLaunchTests.swift in Sources */ = {isa = PBXBuildFile; fileRef = 7EE6208B2B868345006C3D72 /* Mell_WeatherUITestsLaunchTests.swift */; };
/* End PBXBuildFile section */

/* Begin PBXContainerItemProxy section */
		7EE6207C2B868345006C3D72 /* PBXContainerItemProxy */ = {
			isa = PBXContainerItemProxy;
			containerPortal = 7EE620612B868344006C3D72 /* Project object */;
			proxyType = 1;
			remoteGlobalIDString = 7EE620682B868344006C3D72;
			remoteInfo = "Mell Weather";
		};
		7EE620862B868345006C3D72 /* PBXContainerItemProxy */ = {
			isa = PBXContainerItemProxy;
			containerPortal = 7EE620612B868344006C3D72 /* Project object */;
			proxyType = 1;
			remoteGlobalIDString = 7EE620682B868344006C3D72;
			remoteInfo = "Mell Weather";
		};
/* End PBXContainerItemProxy section */

/* Begin PBXFileReference section */
		7EE620692B868344006C3D72 /* Mell Weather.app */ = {isa = PBXFileReference; explicitFileType = wrapper.application; includeInIndex = 0; path = "Mell Weather.app"; sourceTree = BUILT_PRODUCTS_DIR; };
		7EE6206C2B868344006C3D72 /* Mell_WeatherApp.swift */ = {isa = PBXFileReference; lastKnownFileType = sourcecode.swift; path = Mell_WeatherApp.swift; sourceTree = "<group>"; };
		7EE6206E2B868344006C3D72 /* ContentView.swift */ = {isa = PBXFileReference; lastKnownFileType = sourcecode.swift; path = ContentView.swift; sourceTree = "<group>"; };
		7EE620702B868344006C3D72 /* Item.swift */ = {isa = PBXFileReference; lastKnownFileType = sourcecode.swift; path = Item.swift; sourceTree = "<group>"; };
		7EE620722B868345006C3D72 /* Assets.xcassets */ = {isa = PBXFileReference; lastKnownFileType = folder.assetcatalog; path = Assets.xcassets; sourceTree = "<group>"; };
		7EE620752B868345006C3D72 /* Preview Assets.xcassets */ = {isa = PBXFileReference; lastKnownFileType = folder.assetcatalog; path = "Preview Assets.xcassets"; sourceTree = "<group>"; };
		7EE6207B2B868345006C3D72 /* Mell WeatherTests.xctest */ = {isa = PBXFileReference; explicitFileType = wrapper.cfbundle; includeInIndex = 0; path = "Mell WeatherTests.xctest"; sourceTree = BUILT_PRODUCTS_DIR; };
		7EE6207F2B868345006C3D72 /* Mell_WeatherTests.swift */ = {isa = PBXFileReference; lastKnownFileType = sourcecode.swift; path = Mell_WeatherTests.swift; sourceTree = "<group>"; };
		7EE620852B868345006C3D72 /* Mell WeatherUITests.xctest */ = {isa = PBXFileReference; explicitFileType = wrapper.cfbundle; includeInIndex = 0; path = "Mell WeatherUITests.xctest"; sourceTree = BUILT_PRODUCTS_DIR; };
		7EE620892B868345006C3D72 /* Mell_WeatherUITests.swift */ = {isa = PBXFileReference; lastKnownFileType = sourcecode.swift; path = Mell_WeatherUITests.swift; sourceTree = "<group>"; };
		7EE6208B2B868345006C3D72 /* Mell_WeatherUITestsLaunchTests.swift */ = {isa = PBXFileReference; lastKnownFileType = sourcecode.swift; path = Mell_WeatherUITestsLaunchTests.swift; sourceTree = "<group>"; };
/* End PBXFileReference section */

/* Begin PBXFrameworksBuildPhase section */
		7EE620662B868344006C3D72 /* Frameworks */ = {
			isa = PBXFrameworksBuildPhase;
			buildActionMask = 2147483647;
			files = (
			);
			runOnlyForDeploymentPostprocessing = 0;
		};
		7EE620782B868345006C3D72 /* Frameworks */ = {
			isa = PBXFrameworksBuildPhase;
			buildActionMask = 2147483647;
			files = (
			);
			runOnlyForDeploymentPostprocessing = 0;
		};
		7EE620822B868345006C3D72 /* Frameworks */ = {
			isa = PBXFrameworksBuildPhase;
			buildActionMask = 2147483647;
			files = (
			);
			runOnlyForDeploymentPostprocessing = 0;
		};
/* End PBXFrameworksBuildPhase section */

/* Begin PBXGroup section */
		7EE620602B868344006C3D72 = {
			isa = PBXGroup;
			children = (
				7EE6206B2B868344006C3D72 /* Mell Weather */,
				7EE6207E2B868345006C3D72 /* Mell WeatherTests */,
				7EE620882B868345006C3D72 /* Mell WeatherUITests */,
				7EE6206A2B868344006C3D72 /* Products */,
			);
			sourceTree = "<group>";
		};
		7EE6206A2B868344006C3D72 /* Products */ = {
			isa = PBXGroup;
			children = (
				7EE620692B868344006C3D72 /* Mell Weather.app */,
				7EE6207B2B868345006C3D72 /* Mell WeatherTests.xctest */,
				7EE620852B868345006C3D72 /* Mell WeatherUITests.xctest */,
			);
			name = Products;
			sourceTree = "<group>";
		};
		7EE6206B2B868344006C3D72 /* Mell Weather */ = {
			isa = PBXGroup;
			children = (
				7EE6206C2B868344006C3D72 /* Mell_WeatherApp.swift */,
				7EE6206E2B868344006C3D72 /* ContentView.swift */,
				7EE620702B868344006C3D72 /* Item.swift */,
				7EE620722B868345006C3D72 /* Assets.xcassets */,
				7EE620742B868345006C3D72 /* Preview Content */,
			);
			path = "Mell Weather";
			sourceTree = "<group>";
		};
		7EE620742B868345006C3D72 /* Preview Content */ = {
			isa = PBXGroup;
			children = (
				7EE620752B868345006C3D72 /* Preview Assets.xcassets */,
			);
			path = "Preview Content";
			sourceTree = "<group>";
		};
		7EE6207E2B868345006C3D72 /* Mell WeatherTests */ = {
			isa = PBXGroup;
			children = (
				7EE6207F2B868345006C3D72 /* Mell_WeatherTests.swift */,
			);
			path = "Mell WeatherTests";
			sourceTree = "<group>";
		};
		7EE620882B868345006C3D72 /* Mell WeatherUITests */ = {
			isa = PBXGroup;
			children = (
				7EE620892B868345006C3D72 /* Mell_WeatherUITests.swift */,
				7EE6208B2B868345006C3D72 /* Mell_WeatherUITestsLaunchTests.swift */,
			);
			path = "Mell WeatherUITests";
			sourceTree = "<group>";
		};
/* End PBXGroup section */

/* Begin PBXNativeTarget section */
		7EE620682B868344006C3D72 /* Mell Weather */ = {
			isa = PBXNativeTarget;
			buildConfigurationList = 7EE6208F2B868345006C3D72 /* Build configuration list for PBXNativeTarget "Mell Weather" */;
			buildPhases = (
				7EE620652B868344006C3D72 /* Sources */,
				7EE620662B868344006C3D72 /* Frameworks */,
				7EE620672B868344006C3D72 /* Resources */,
			);
			buildRules = (
			);
			dependencies = (
			);
			name = "Mell Weather";
			productName = "Mell Weather";
			productReference = 7EE620692B868344006C3D72 /* Mell Weather.app */;
			productType = "com.apple.product-type.application";
		};
		7EE6207A2B868345006C3D72 /* Mell WeatherTests */ = {
			isa = PBXNativeTarget;
			buildConfigurationList = 7EE620922B868345006C3D72 /* Build configuration list for PBXNativeTarget "Mell WeatherTests" */;
			buildPhases = (
				7EE620772B868345006C3D72 /* Sources */,
				7EE620782B868345006C3D72 /* Frameworks */,
				7EE620792B868345006C3D72 /* Resources */,
			);
			buildRules = (
			);
			dependencies = (
				7EE6207D2B868345006C3D72 /* PBXTargetDependency */,
			);
			name = "Mell WeatherTests";
			productName = "Mell WeatherTests";
			productReference = 7EE6207B2B868345006C3D72 /* Mell WeatherTests.xctest */;
			productType = "com.apple.product-type.bundle.unit-test";
		};
		7EE620842B868345006C3D72 /* Mell WeatherUITests */ = {
			isa = PBXNativeTarget;
			buildConfigurationList = 7EE620952B868345006C3D72 /* Build configuration list for PBXNativeTarget "Mell WeatherUITests" */;
			buildPhases = (
				7EE620812B868345006C3D72 /* Sources */,
				7EE620822B868345006C3D72 /* Frameworks */,
				7EE620832B868345006C3D72 /* Resources */,
			);
			buildRules = (
			);
			dependencies = (
				7EE620872B868345006C3D72 /* PBXTargetDependency */,
			);
			name = "Mell WeatherUITests";
			productName = "Mell WeatherUITests";
			productReference = 7EE620852B868345006C3D72 /* Mell WeatherUITests.xctest */;
			productType = "com.apple.product-type.bundle.ui-testing";
		};
/* End PBXNativeTarget section */

/* Begin PBXProject section */
		7EE620612B868344006C3D72 /* Project object */ = {
			isa = PBXProject;
			attributes = {
				BuildIndependentTargetsInParallel = 1;
				LastSwiftUpdateCheck = 1520;
				LastUpgradeCheck = 1520;
				TargetAttributes = {
					7EE620682B868344006C3D72 = {
						CreatedOnToolsVersion = 15.2;
					};
					7EE6207A2B868345006C3D72 = {
						CreatedOnToolsVersion = 15.2;
						TestTargetID = 7EE620682B868344006C3D72;
					};
					7EE620842B868345006C3D72 = {
						CreatedOnToolsVersion = 15.2;
						TestTargetID = 7EE620682B868344006C3D72;
					};
				};
			};
			buildConfigurationList = 7EE620642B868344006C3D72 /* Build configuration list for PBXProject "Mell Weather" */;
			compatibilityVersion = "Xcode 14.0";
			developmentRegion = en;
			hasScannedForEncodings = 0;
			knownRegions = (
				en,
				Base,
			);
			mainGroup = 7EE620602B868344006C3D72;
			productRefGroup = 7EE6206A2B868344006C3D72 /* Products */;
			projectDirPath = "";
			projectRoot = "";
			targets = (
				7EE620682B868344006C3D72 /* Mell Weather */,
				7EE6207A2B868345006C3D72 /* Mell WeatherTests */,
				7EE620842B868345006C3D72 /* Mell WeatherUITests */,
			);
		};
/* End PBXProject section */

/* Begin PBXResourcesBuildPhase section */
		7EE620672B868344006C3D72 /* Resources */ = {
			isa = PBXResourcesBuildPhase;
			buildActionMask = 2147483647;
			files = (
				7EE620762B868345006C3D72 /* Preview Assets.xcassets in Resources */,
				7EE620732B868345006C3D72 /* Assets.xcassets in Resources */,
			);
			runOnlyForDeploymentPostprocessing = 0;
		};
		7EE620792B868345006C3D72 /* Resources */ = {
			isa = PBXResourcesBuildPhase;
			buildActionMask = 2147483647;
			files = (
			);
			runOnlyForDeploymentPostprocessing = 0;
		};
		7EE620832B868345006C3D72 /* Resources */ = {
			isa = PBXResourcesBuildPhase;
			buildActionMask = 2147483647;
			files = (
			);
			runOnlyForDeploymentPostprocessing = 0;
		};
/* End PBXResourcesBuildPhase section */

/* Begin PBXSourcesBuildPhase section */
		7EE620652B868344006C3D72 /* Sources */ = {
			isa = PBXSourcesBuildPhase;
			buildActionMask = 2147483647;
			files = (
				7EE6206F2B868344006C3D72 /* ContentView.swift in Sources */,
				7EE620712B868344006C3D72 /* Item.swift in Sources */,
				7EE6206D2B868344006C3D72 /* Mell_WeatherApp.swift in Sources */,
			);
			runOnlyForDeploymentPostprocessing = 0;
		};
		7EE620772B868345006C3D72 /* Sources */ = {
			isa = PBXSourcesBuildPhase;
			buildActionMask = 2147483647;
			files = (
				7EE620802B868345006C3D72 /* Mell_WeatherTests.swift in Sources */,
			);
			runOnlyForDeploymentPostprocessing = 0;
		};
		7EE620812B868345006C3D72 /* Sources */ = {
			isa = PBXSourcesBuildPhase;
			buildActionMask = 2147483647;
			files = (
				7EE6208A2B868345006C3D72 /* Mell_WeatherUITests.swift in Sources */,
				7EE6208C2B868345006C3D72 /* Mell_WeatherUITestsLaunchTests.swift in Sources */,
			);
			runOnlyForDeploymentPostprocessing = 0;
		};
/* End PBXSourcesBuildPhase section */

/* Begin PBXTargetDependency section */
		7EE6207D2B868345006C3D72 /* PBXTargetDependency */ = {
			isa = PBXTargetDependency;
			target = 7EE620682B868344006C3D72 /* Mell Weather */;
			targetProxy = 7EE6207C2B868345006C3D72 /* PBXContainerItemProxy */;
		};
		7EE620872B868345006C3D72 /* PBXTargetDependency */ = {
			isa = PBXTargetDependency;
			target = 7EE620682B868344006C3D72 /* Mell Weather */;
			targetProxy = 7EE620862B868345006C3D72 /* PBXContainerItemProxy */;
		};
/* End PBXTargetDependency section */

/* Begin XCBuildConfiguration section */
		7EE6208D2B868345006C3D72 /* Debug */ = {
			isa = XCBuildConfiguration;
			buildSettings = {
				ALWAYS_SEARCH_USER_PATHS = NO;
				ASSETCATALOG_COMPILER_GENERATE_SWIFT_ASSET_SYMBOL_EXTENSIONS = YES;
				CLANG_ANALYZER_NONNULL = YES;
				CLANG_ANALYZER_NUMBER_OBJECT_CONVERSION = YES_AGGRESSIVE;
				CLANG_CXX_LANGUAGE_STANDARD = "gnu++20";
				CLANG_ENABLE_MODULES = YES;
				CLANG_ENABLE_OBJC_ARC = YES;
				CLANG_ENABLE_OBJC_WEAK = YES;
				CLANG_WARN_BLOCK_CAPTURE_AUTORELEASING = YES;
				CLANG_WARN_BOOL_CONVERSION = YES;
				CLANG_WARN_COMMA = YES;
				CLANG_WARN_CONSTANT_CONVERSION = YES;
				CLANG_WARN_DEPRECATED_OBJC_IMPLEMENTATIONS = YES;
				CLANG_WARN_DIRECT_OBJC_ISA_USAGE = YES_ERROR;
				CLANG_WARN_DOCUMENTATION_COMMENTS = YES;
				CLANG_WARN_EMPTY_BODY = YES;
				CLANG_WARN_ENUM_CONVERSION = YES;
				CLANG_WARN_INFINITE_RECURSION = YES;
				CLANG_WARN_INT_CONVERSION = YES;
				CLANG_WARN_NON_LITERAL_NULL_CONVERSION = YES;
				CLANG_WARN_OBJC_IMPLICIT_RETAIN_SELF = YES;
				CLANG_WARN_OBJC_LITERAL_CONVERSION = YES;
				CLANG_WARN_OBJC_ROOT_CLASS = YES_ERROR;
				CLANG_WARN_QUOTED_INCLUDE_IN_FRAMEWORK_HEADER = YES;
				CLANG_WARN_RANGE_LOOP_ANALYSIS = YES;
				CLANG_WARN_STRICT_PROTOTYPES = YES;
				CLANG_WARN_SUSPICIOUS_MOVE = YES;
				CLANG_WARN_UNGUARDED_AVAILABILITY = YES_AGGRESSIVE;
				CLANG_WARN_UNREACHABLE_CODE = YES;
				CLANG_WARN__DUPLICATE_METHOD_MATCH = YES;
				COPY_PHASE_STRIP = NO;
				DEBUG_INFORMATION_FORMAT = dwarf;
				ENABLE_STRICT_OBJC_MSGSEND = YES;
				ENABLE_TESTABILITY = YES;
				ENABLE_USER_SCRIPT_SANDBOXING = YES;
				GCC_C_LANGUAGE_STANDARD = gnu17;
				GCC_DYNAMIC_NO_PIC = NO;
				GCC_NO_COMMON_BLOCKS = YES;
				GCC_OPTIMIZATION_LEVEL = 0;
				GCC_PREPROCESSOR_DEFINITIONS = (
					"DEBUG=1",
					"$(inherited)",
				);
				GCC_WARN_64_TO_32_BIT_CONVERSION = YES;
				GCC_WARN_ABOUT_RETURN_TYPE = YES_ERROR;
				GCC_WARN_UNDECLARED_SELECTOR = YES;
				GCC_WARN_UNINITIALIZED_AUTOS = YES_AGGRESSIVE;
				GCC_WARN_UNUSED_FUNCTION = YES;
				GCC_WARN_UNUSED_VARIABLE = YES;
				IPHONEOS_DEPLOYMENT_TARGET = 17.2;
				LOCALIZATION_PREFERS_STRING_CATALOGS = YES;
				MTL_ENABLE_DEBUG_INFO = INCLUDE_SOURCE;
				MTL_FAST_MATH = YES;
				ONLY_ACTIVE_ARCH = YES;
				SDKROOT = iphoneos;
				SWIFT_ACTIVE_COMPILATION_CONDITIONS = "DEBUG $(inherited)";
				SWIFT_OPTIMIZATION_LEVEL = "-Onone";
			};
			name = Debug;
		};
		7EE6208E2B868345006C3D72 /* Release */ = {
			isa = XCBuildConfiguration;
			buildSettings = {
				ALWAYS_SEARCH_USER_PATHS = NO;
				ASSETCATALOG_COMPILER_GENERATE_SWIFT_ASSET_SYMBOL_EXTENSIONS = YES;
				CLANG_ANALYZER_NONNULL = YES;
				CLANG_ANALYZER_NUMBER_OBJECT_CONVERSION = YES_AGGRESSIVE;
				CLANG_CXX_LANGUAGE_STANDARD = "gnu++20";
				CLANG_ENABLE_MODULES = YES;
				CLANG_ENABLE_OBJC_ARC = YES;
				CLANG_ENABLE_OBJC_WEAK = YES;
				CLANG_WARN_BLOCK_CAPTURE_AUTORELEASING = YES;
				CLANG_WARN_BOOL_CONVERSION = YES;
				CLANG_WARN_COMMA = YES;
				CLANG_WARN_CONSTANT_CONVERSION = YES;
				CLANG_WARN_DEPRECATED_OBJC_IMPLEMENTATIONS = YES;
				CLANG_WARN_DIRECT_OBJC_ISA_USAGE = YES_ERROR;
				CLANG_WARN_DOCUMENTATION_COMMENTS = YES;
				CLANG_WARN_EMPTY_BODY = YES;
				CLANG_WARN_ENUM_CONVERSION = YES;
				CLANG_WARN_INFINITE_RECURSION = YES;
				CLANG_WARN_INT_CONVERSION = YES;
				CLANG_WARN_NON_LITERAL_NULL_CONVERSION = YES;
				CLANG_WARN_OBJC_IMPLICIT_RETAIN_SELF = YES;
				CLANG_WARN_OBJC_LITERAL_CONVERSION = YES;
				CLANG_WARN_OBJC_ROOT_CLASS = YES_ERROR;
				CLANG_WARN_QUOTED_INCLUDE_IN_FRAMEWORK_HEADER = YES;
				CLANG_WARN_RANGE_LOOP_ANALYSIS = YES;
				CLANG_WARN_STRICT_PROTOTYPES = YES;
				CLANG_WARN_SUSPICIOUS_MOVE = YES;
				CLANG_WARN_UNGUARDED_AVAILABILITY = YES_AGGRESSIVE;
				CLANG_WARN_UNREACHABLE_CODE = YES;
				CLANG_WARN__DUPLICATE_METHOD_MATCH = YES;
				COPY_PHASE_STRIP = NO;
				DEBUG_INFORMATION_FORMAT = "dwarf-with-dsym";
				ENABLE_NS_ASSERTIONS = NO;
				ENABLE_STRICT_OBJC_MSGSEND = YES;
				ENABLE_USER_SCRIPT_SANDBOXING = YES;
				GCC_C_LANGUAGE_STANDARD = gnu17;
				GCC_NO_COMMON_BLOCKS = YES;
				GCC_WARN_64_TO_32_BIT_CONVERSION = YES;
				GCC_WARN_ABOUT_RETURN_TYPE = YES_ERROR;
				GCC_WARN_UNDECLARED_SELECTOR = YES;
				GCC_WARN_UNINITIALIZED_AUTOS = YES_AGGRESSIVE;
				GCC_WARN_UNUSED_FUNCTION = YES;
				GCC_WARN_UNUSED_VARIABLE = YES;
				IPHONEOS_DEPLOYMENT_TARGET = 17.2;
				LOCALIZATION_PREFERS_STRING_CATALOGS = YES;
				MTL_ENABLE_DEBUG_INFO = NO;
				MTL_FAST_MATH = YES;
				SDKROOT = iphoneos;
				SWIFT_COMPILATION_MODE = wholemodule;
				VALIDATE_PRODUCT = YES;
			};
			name = Release;
		};
		7EE620902B868345006C3D72 /* Debug */ = {
			isa = XCBuildConfiguration;
			buildSettings = {
				ASSETCATALOG_COMPILER_APPICON_NAME = AppIcon;
				ASSETCATALOG_COMPILER_GLOBAL_ACCENT_COLOR_NAME = AccentColor;
				CODE_SIGN_STYLE = Automatic;
				CURRENT_PROJECT_VERSION = 1;
				DEVELOPMENT_ASSET_PATHS = "\"Mell Weather/Preview Content\"";
				DEVELOPMENT_TEAM = X5F5RXLH5X;
				ENABLE_PREVIEWS = YES;
				GENERATE_INFOPLIST_FILE = YES;
				INFOPLIST_KEY_UIApplicationSceneManifest_Generation = YES;
				INFOPLIST_KEY_UIApplicationSupportsIndirectInputEvents = YES;
				INFOPLIST_KEY_UILaunchScreen_Generation = YES;
				INFOPLIST_KEY_UISupportedInterfaceOrientations_iPad = "UIInterfaceOrientationPortrait UIInterfaceOrientationPortraitUpsideDown UIInterfaceOrientationLandscapeLeft UIInterfaceOrientationLandscapeRight";
				INFOPLIST_KEY_UISupportedInterfaceOrientations_iPhone = "UIInterfaceOrientationPortrait UIInterfaceOrientationLandscapeLeft UIInterfaceOrientationLandscapeRight";
				LD_RUNPATH_SEARCH_PATHS = (
					"$(inherited)",
					"@executable_path/Frameworks",
				);
				MARKETING_VERSION = 1.0;
				PRODUCT_BUNDLE_IDENTIFIER = "com.brunacrespomello.Mell-Weather";
				PRODUCT_NAME = "$(TARGET_NAME)";
				SWIFT_EMIT_LOC_STRINGS = YES;
				SWIFT_VERSION = 5.0;
				TARGETED_DEVICE_FAMILY = "1,2";
			};
			name = Debug;
		};
		7EE620912B868345006C3D72 /* Release */ = {
			isa = XCBuildConfiguration;
			buildSettings = {
				ASSETCATALOG_COMPILER_APPICON_NAME = AppIcon;
				ASSETCATALOG_COMPILER_GLOBAL_ACCENT_COLOR_NAME = AccentColor;
				CODE_SIGN_STYLE = Automatic;
				CURRENT_PROJECT_VERSION = 1;
				DEVELOPMENT_ASSET_PATHS = "\"Mell Weather/Preview Content\"";
				DEVELOPMENT_TEAM = X5F5RXLH5X;
				ENABLE_PREVIEWS = YES;
				GENERATE_INFOPLIST_FILE = YES;
				INFOPLIST_KEY_UIApplicationSceneManifest_Generation = YES;
				INFOPLIST_KEY_UIApplicationSupportsIndirectInputEvents = YES;
				INFOPLIST_KEY_UILaunchScreen_Generation = YES;
				INFOPLIST_KEY_UISupportedInterfaceOrientations_iPad = "UIInterfaceOrientationPortrait UIInterfaceOrientationPortraitUpsideDown UIInterfaceOrientationLandscapeLeft UIInterfaceOrientationLandscapeRight";
				INFOPLIST_KEY_UISupportedInterfaceOrientations_iPhone = "UIInterfaceOrientationPortrait UIInterfaceOrientationLandscapeLeft UIInterfaceOrientationLandscapeRight";
				LD_RUNPATH_SEARCH_PATHS = (
					"$(inherited)",
					"@executable_path/Frameworks",
				);
				MARKETING_VERSION = 1.0;
				PRODUCT_BUNDLE_IDENTIFIER = "com.brunacrespomello.Mell-Weather";
				PRODUCT_NAME = "$(TARGET_NAME)";
				SWIFT_EMIT_LOC_STRINGS = YES;
				SWIFT_VERSION = 5.0;
				TARGETED_DEVICE_FAMILY = "1,2";
			};
			name = Release;
		};
		7EE620932B868345006C3D72 /* Debug */ = {
			isa = XCBuildConfiguration;
			buildSettings = {
				ALWAYS_EMBED_SWIFT_STANDARD_LIBRARIES = YES;
				BUNDLE_LOADER = "$(TEST_HOST)";
				CODE_SIGN_STYLE = Automatic;
				CURRENT_PROJECT_VERSION = 1;
				DEVELOPMENT_TEAM = X5F5RXLH5X;
				GENERATE_INFOPLIST_FILE = YES;
				IPHONEOS_DEPLOYMENT_TARGET = 17.2;
				MARKETING_VERSION = 1.0;
				PRODUCT_BUNDLE_IDENTIFIER = "com.brunacrespomello.Mell-WeatherTests";
				PRODUCT_NAME = "$(TARGET_NAME)";
				SWIFT_EMIT_LOC_STRINGS = NO;
				SWIFT_VERSION = 5.0;
				TARGETED_DEVICE_FAMILY = "1,2";
				TEST_HOST = "$(BUILT_PRODUCTS_DIR)/Mell Weather.app/$(BUNDLE_EXECUTABLE_FOLDER_PATH)/Mell Weather";
			};
			name = Debug;
		};
		7EE620942B868345006C3D72 /* Release */ = {
			isa = XCBuildConfiguration;
			buildSettings = {
				ALWAYS_EMBED_SWIFT_STANDARD_LIBRARIES = YES;
				BUNDLE_LOADER = "$(TEST_HOST)";
				CODE_SIGN_STYLE = Automatic;
				CURRENT_PROJECT_VERSION = 1;
				DEVELOPMENT_TEAM = X5F5RXLH5X;
				GENERATE_INFOPLIST_FILE = YES;
				IPHONEOS_DEPLOYMENT_TARGET = 17.2;
				MARKETING_VERSION = 1.0;
				PRODUCT_BUNDLE_IDENTIFIER = "com.brunacrespomello.Mell-WeatherTests";
				PRODUCT_NAME = "$(TARGET_NAME)";
				SWIFT_EMIT_LOC_STRINGS = NO;
				SWIFT_VERSION = 5.0;
				TARGETED_DEVICE_FAMILY = "1,2";
				TEST_HOST = "$(BUILT_PRODUCTS_DIR)/Mell Weather.app/$(BUNDLE_EXECUTABLE_FOLDER_PATH)/Mell Weather";
			};
			name = Release;
		};
		7EE620962B868345006C3D72 /* Debug */ = {
			isa = XCBuildConfiguration;
			buildSettings = {
				ALWAYS_EMBED_SWIFT_STANDARD_LIBRARIES = YES;
				CODE_SIGN_STYLE = Automatic;
				CURRENT_PROJECT_VERSION = 1;
				DEVELOPMENT_TEAM = X5F5RXLH5X;
				GENERATE_INFOPLIST_FILE = YES;
				MARKETING_VERSION = 1.0;
				PRODUCT_BUNDLE_IDENTIFIER = "com.brunacrespomello.Mell-WeatherUITests";
				PRODUCT_NAME = "$(TARGET_NAME)";
				SWIFT_EMIT_LOC_STRINGS = NO;
				SWIFT_VERSION = 5.0;
				TARGETED_DEVICE_FAMILY = "1,2";
				TEST_TARGET_NAME = "Mell Weather";
			};
			name = Debug;
		};
		7EE620972B868345006C3D72 /* Release */ = {
			isa = XCBuildConfiguration;
			buildSettings = {
				ALWAYS_EMBED_SWIFT_STANDARD_LIBRARIES = YES;
				CODE_SIGN_STYLE = Automatic;
				CURRENT_PROJECT_VERSION = 1;
				DEVELOPMENT_TEAM = X5F5RXLH5X;
				GENERATE_INFOPLIST_FILE = YES;
				MARKETING_VERSION = 1.0;
				PRODUCT_BUNDLE_IDENTIFIER = "com.brunacrespomello.Mell-WeatherUITests";
				PRODUCT_NAME = "$(TARGET_NAME)";
				SWIFT_EMIT_LOC_STRINGS = NO;
				SWIFT_VERSION = 5.0;
				TARGETED_DEVICE_FAMILY = "1,2";
				TEST_TARGET_NAME = "Mell Weather";
			};
			name = Release;
		};
/* End XCBuildConfiguration section */

/* Begin XCConfigurationList section */
		7EE620642B868344006C3D72 /* Build configuration list for PBXProject "Mell Weather" */ = {
			isa = XCConfigurationList;
			buildConfigurations = (
				7EE6208D2B868345006C3D72 /* Debug */,
				7EE6208E2B868345006C3D72 /* Release */,
			);
			defaultConfigurationIsVisible = 0;
			defaultConfigurationName = Release;
		};
		7EE6208F2B868345006C3D72 /* Build configuration list for PBXNativeTarget "Mell Weather" */ = {
			isa = XCConfigurationList;
			buildConfigurations = (
				7EE620902B868345006C3D72 /* Debug */,
				7EE620912B868345006C3D72 /* Release */,
			);
			defaultConfigurationIsVisible = 0;
			defaultConfigurationName = Release;
		};
		7EE620922B868345006C3D72 /* Build configuration list for PBXNativeTarget "Mell WeatherTests" */ = {
			isa = XCConfigurationList;
			buildConfigurations = (
				7EE620932B868345006C3D72 /* Debug */,
				7EE620942B868345006C3D72 /* Release */,
			);
			defaultConfigurationIsVisible = 0;
			defaultConfigurationName = Release;
		};
		7EE620952B868345006C3D72 /* Build configuration list for PBXNativeTarget "Mell WeatherUITests" */ = {
			isa = XCConfigurationList;
			buildConfigurations = (
				7EE620962B868345006C3D72 /* Debug */,
				7EE620972B868345006C3D72 /* Release */,
			);
			defaultConfigurationIsVisible = 0;
			defaultConfigurationName = Release;
		};
/* End XCConfigurationList section */
	};
	rootObject = 7EE620612B868344006C3D72 /* Project object */;
}
